
Microsoft Visual Studio Solution File, Format Version 12.00
# Visual Studio Version 17
VisualStudioVersion = 17.8.34330.188
MinimumVisualStudioVersion = 10.0.40219.1
Project("{F184B08F-C81C-45F6-A57F-5ABD9991F28F}") = "appGestioneTestReportBbg", "appGestioneTestReportBbg\appGestioneTestReportBbg.vbproj", "{7CF8D709-4BBB-4195-BEB8-F1C23C7C9B79}"
EndProject
Global
	GlobalSection(SolutionConfigurationPlatforms) = preSolution
		CD_ROM|Any CPU = CD_ROM|Any CPU
		Debug|Any CPU = Debug|Any CPU
		DVD-5|Any CPU = DVD-5|Any CPU
		Release|Any CPU = Release|Any CPU
		SingleImage|Any CPU = SingleImage|Any CPU
	EndGlobalSection
	GlobalSection(ProjectConfigurationPlatforms) = postSolution
		{7CF8D709-4BBB-4195-BEB8-F1C23C7C9B79}.CD_ROM|Any CPU.ActiveCfg = Release|Any CPU
		{7CF8D709-4BBB-4195-BEB8-F1C23C7C9B79}.CD_ROM|Any CPU.Build.0 = Release|Any CPU
		{7CF8D709-4BBB-4195-BEB8-F1C23C7C9B79}.Debug|Any CPU.ActiveCfg = Debug|Any CPU
		{7CF8D709-4BBB-4195-BEB8-F1C23C7C9B79}.Debug|Any CPU.Build.0 = Debug|Any CPU
		{7CF8D709-4BBB-4195-BEB8-F1C23C7C9B79}.DVD-5|Any CPU.ActiveCfg = Debug|Any CPU
		{7CF8D709-4BBB-4195-BEB8-F1C23C7C9B79}.DVD-5|Any CPU.Build.0 = Debug|Any CPU
		{7CF8D709-4BBB-4195-BEB8-F1C23C7C9B79}.Release|Any CPU.ActiveCfg = Release|Any CPU
		{7CF8D709-4BBB-4195-BEB8-F1C23C7C9B79}.Release|Any CPU.Build.0 = Release|Any CPU
		{7CF8D709-4BBB-4195-BEB8-F1C23C7C9B79}.SingleImage|Any CPU.ActiveCfg = Release|Any CPU
		{7CF8D709-4BBB-4195-BEB8-F1C23C7C9B79}.SingleImage|Any CPU.Build.0 = Release|Any CPU
	EndGlobalSection
	GlobalSection(SolutionProperties) = preSolution
		HideSolutionNode = FALSE
	EndGlobalSection
	GlobalSection(ExtensibilityGlobals) = postSolution
		SolutionGuid = {9573ED18-E664-430F-9DDA-DE64E7F2247C}
		EnterpriseLibraryConfigurationToolBinariesPathV6 = packages\EnterpriseLibrary.Common.6.0.1304.0\lib\NET45;packages\EnterpriseLibrary.Data.6.0.1304.0\lib\NET45
	EndGlobalSection
EndGlobal
